
Microsoft Visual Studio Solution File, Format Version 12.00
# Visual Studio Version 17
VisualStudioVersion = 17.9.34723.18
MinimumVisualStudioVersion = 10.0.40219.1
Project("{9A19103F-16F7-4668-BE54-9A1E7A4F7556}") = "MovieBookingAPI", "MiniProjectAPI\MovieBookingAPI.csproj", "{5FE079B1-5725-490D-8FC7-8FDFCC61FFB6}"
EndProject
Project("{FAE04EC0-301F-11D3-BF4B-00C04F79EFBC}") = "MovieBookingUnitTests", "MovieBookingUnitTests\MovieBookingUnitTests.csproj", "{7E52927C-454E-45E0-BDB2-D792EFEDC16C}"
EndProject
Global
	GlobalSection(SolutionConfigurationPlatforms) = preSolution
		Debug|Any CPU = Debug|Any CPU
		Release|Any CPU = Release|Any CPU
	EndGlobalSection
	GlobalSection(ProjectConfigurationPlatforms) = postSolution
		{5FE079B1-5725-490D-8FC7-8FDFCC61FFB6}.Debug|Any CPU.ActiveCfg = Debug|Any CPU
		{5FE079B1-5725-490D-8FC7-8FDFCC61FFB6}.Debug|Any CPU.Build.0 = Debug|Any CPU
		{5FE079B1-5725-490D-8FC7-8FDFCC61FFB6}.Release|Any CPU.ActiveCfg = Release|Any CPU
		{5FE079B1-5725-490D-8FC7-8FDFCC61FFB6}.Release|Any CPU.Build.0 = Release|Any CPU
		{7E52927C-454E-45E0-BDB2-D792EFEDC16C}.Debug|Any CPU.ActiveCfg = Debug|Any CPU
		{7E52927C-454E-45E0-BDB2-D792EFEDC16C}.Debug|Any CPU.Build.0 = Debug|Any CPU
		{7E52927C-454E-45E0-BDB2-D792EFEDC16C}.Release|Any CPU.ActiveCfg = Release|Any CPU
		{7E52927C-454E-45E0-BDB2-D792EFEDC16C}.Release|Any CPU.Build.0 = Release|Any CPU
	EndGlobalSection
	GlobalSection(SolutionProperties) = preSolution
		HideSolutionNode = FALSE
	EndGlobalSection
	GlobalSection(ExtensibilityGlobals) = postSolution
		SolutionGuid = {33BFFC97-9FCA-40BE-9364-C2941A3C87F7}
	EndGlobalSection
EndGlobal
